
Microsoft Visual Studio Solution File, Format Version 12.00
# Visual Studio Version 17
VisualStudioVersion = 17.7.34024.191
MinimumVisualStudioVersion = 10.0.40219.1
Project("{FAE04EC0-301F-11D3-BF4B-00C04F79EFBC}") = "AAAAAAAAAAAAAAAAAAAA", "AAAAAAAAAAAAAAAAAAAA\AAAAAAAAAAAAAAAAAAAA.csproj", "{3D7E372F-4BEF-4595-9012-974C5EBA508E}"
EndProject
Global
	GlobalSection(SolutionConfigurationPlatforms) = preSolution
		Debug|Any CPU = Debug|Any CPU
		Release|Any CPU = Release|Any CPU
	EndGlobalSection
	GlobalSection(ProjectConfigurationPlatforms) = postSolution
		{3D7E372F-4BEF-4595-9012-974C5EBA508E}.Debug|Any CPU.ActiveCfg = Debug|Any CPU
		{3D7E372F-4BEF-4595-9012-974C5EBA508E}.Debug|Any CPU.Build.0 = Debug|Any CPU
		{3D7E372F-4BEF-4595-9012-974C5EBA508E}.Release|Any CPU.ActiveCfg = Release|Any CPU
		{3D7E372F-4BEF-4595-9012-974C5EBA508E}.Release|Any CPU.Build.0 = Release|Any CPU
	EndGlobalSection
	GlobalSection(SolutionProperties) = preSolution
		HideSolutionNode = FALSE
	EndGlobalSection
	GlobalSection(ExtensibilityGlobals) = postSolution
		SolutionGuid = {34C015EF-423F-41D9-992D-114C04B8190A}
	EndGlobalSection
EndGlobal
